
Microsoft Visual Studio Solution File, Format Version 12.00
# Visual Studio Version 16
VisualStudioVersion = 16.0.31019.35
MinimumVisualStudioVersion = 10.0.40219.1
Project("{9A19103F-16F7-4668-BE54-9A1E7A4F7556}") = "ContosoPackageproject", "ContosoPackageproject.csproj", "{D66C0308-933C-418D-AD4E-339F7D3D7FF1}"
EndProject
Global
	GlobalSection(SolutionConfigurationPlatforms) = preSolution
		Debug|Any CPU = Debug|Any CPU
		Release|Any CPU = Release|Any CPU
	EndGlobalSection
	GlobalSection(ProjectConfigurationPlatforms) = postSolution
		{D66C0308-933C-418D-AD4E-339F7D3D7FF1}.Debug|Any CPU.ActiveCfg = Debug|Any CPU
		{D66C0308-933C-418D-AD4E-339F7D3D7FF1}.Debug|Any CPU.Build.0 = Debug|Any CPU
		{D66C0308-933C-418D-AD4E-339F7D3D7FF1}.Release|Any CPU.ActiveCfg = Release|Any CPU
		{D66C0308-933C-418D-AD4E-339F7D3D7FF1}.Release|Any CPU.Build.0 = Release|Any CPU
	EndGlobalSection
	GlobalSection(SolutionProperties) = preSolution
		HideSolutionNode = FALSE
	EndGlobalSection
	GlobalSection(ExtensibilityGlobals) = postSolution
		SolutionGuid = {C4E84F7E-5F5F-4D1A-A15C-50D9EF9D1DBA}
	EndGlobalSection
EndGlobal
